
Microsoft Visual Studio Solution File, Format Version 12.00
# Visual Studio Version 17
VisualStudioVersion = 17.2.32616.157
MinimumVisualStudioVersion = 10.0.40219.1
Project("{9A19103F-16F7-4668-BE54-9A1E7A4F7556}") = "ETF-API", "ETF-API.csproj", "{06DE489B-F124-470C-B498-D9E26B60C449}"
EndProject
Project("{2150E333-8FDC-42A3-9474-1A3956D46DE8}") = "Solution Items", "Solution Items", "{9A55C2A2-1EDE-48D2-882A-D69B09C46116}"
	ProjectSection(SolutionItems) = preProject
		.editorconfig = .editorconfig
	EndProjectSection
EndProject
Global
	GlobalSection(SolutionConfigurationPlatforms) = preSolution
		Debug|Any CPU = Debug|Any CPU
		Release|Any CPU = Release|Any CPU
	EndGlobalSection
	GlobalSection(ProjectConfigurationPlatforms) = postSolution
		{06DE489B-F124-470C-B498-D9E26B60C449}.Debug|Any CPU.ActiveCfg = Debug|Any CPU
		{06DE489B-F124-470C-B498-D9E26B60C449}.Debug|Any CPU.Build.0 = Debug|Any CPU
		{06DE489B-F124-470C-B498-D9E26B60C449}.Release|Any CPU.ActiveCfg = Release|Any CPU
		{06DE489B-F124-470C-B498-D9E26B60C449}.Release|Any CPU.Build.0 = Release|Any CPU
	EndGlobalSection
	GlobalSection(SolutionProperties) = preSolution
		HideSolutionNode = FALSE
	EndGlobalSection
	GlobalSection(ExtensibilityGlobals) = postSolution
		SolutionGuid = {E80710F0-1688-4236-A443-9C4D41A68616}
	EndGlobalSection
EndGlobal
